
Microsoft Visual Studio Solution File, Format Version 12.00
# Visual Studio 14
VisualStudioVersion = 14.0.25420.1
MinimumVisualStudioVersion = 10.0.40219.1
Project("{FAE04EC0-301F-11D3-BF4B-00C04F79EFBC}") = "fuells", "fuells\fuells.csproj", "{87055500-9AE1-4340-B7E4-36586E96053F}"
EndProject
Project("{FAE04EC0-301F-11D3-BF4B-00C04F79EFBC}") = "rpa1Ui", "rpa1Ui\rpa1Ui.csproj", "{6C6C0DA3-3349-4D93-AE99-0B716E532C96}"
EndProject
Project("{FAE04EC0-301F-11D3-BF4B-00C04F79EFBC}") = "rpa1Timer", "rpa1Timer\rpa1Timer.csproj", "{B5789FD1-D719-4831-806A-B5E0C8C3D6D4}"
EndProject
Project("{FAE04EC0-301F-11D3-BF4B-00C04F79EFBC}") = "mongoDotNet", "mongoDotNet\mongoDotNet.csproj", "{EB84506E-6128-4E58-8B24-AB3928A18F02}"
EndProject
Global
	GlobalSection(SolutionConfigurationPlatforms) = preSolution
		Debug|Any CPU = Debug|Any CPU
		Release|Any CPU = Release|Any CPU
	EndGlobalSection
	GlobalSection(ProjectConfigurationPlatforms) = postSolution
		{87055500-9AE1-4340-B7E4-36586E96053F}.Debug|Any CPU.ActiveCfg = Debug|Any CPU
		{87055500-9AE1-4340-B7E4-36586E96053F}.Debug|Any CPU.Build.0 = Debug|Any CPU
		{87055500-9AE1-4340-B7E4-36586E96053F}.Release|Any CPU.ActiveCfg = Release|Any CPU
		{87055500-9AE1-4340-B7E4-36586E96053F}.Release|Any CPU.Build.0 = Release|Any CPU
		{6C6C0DA3-3349-4D93-AE99-0B716E532C96}.Debug|Any CPU.ActiveCfg = Debug|Any CPU
		{6C6C0DA3-3349-4D93-AE99-0B716E532C96}.Debug|Any CPU.Build.0 = Debug|Any CPU
		{6C6C0DA3-3349-4D93-AE99-0B716E532C96}.Release|Any CPU.ActiveCfg = Release|Any CPU
		{6C6C0DA3-3349-4D93-AE99-0B716E532C96}.Release|Any CPU.Build.0 = Release|Any CPU
		{B5789FD1-D719-4831-806A-B5E0C8C3D6D4}.Debug|Any CPU.ActiveCfg = Debug|Any CPU
		{B5789FD1-D719-4831-806A-B5E0C8C3D6D4}.Debug|Any CPU.Build.0 = Debug|Any CPU
		{B5789FD1-D719-4831-806A-B5E0C8C3D6D4}.Release|Any CPU.ActiveCfg = Release|Any CPU
		{B5789FD1-D719-4831-806A-B5E0C8C3D6D4}.Release|Any CPU.Build.0 = Release|Any CPU
		{EB84506E-6128-4E58-8B24-AB3928A18F02}.Debug|Any CPU.ActiveCfg = Debug|Any CPU
		{EB84506E-6128-4E58-8B24-AB3928A18F02}.Debug|Any CPU.Build.0 = Debug|Any CPU
		{EB84506E-6128-4E58-8B24-AB3928A18F02}.Release|Any CPU.ActiveCfg = Release|Any CPU
		{EB84506E-6128-4E58-8B24-AB3928A18F02}.Release|Any CPU.Build.0 = Release|Any CPU
	EndGlobalSection
	GlobalSection(SolutionProperties) = preSolution
		HideSolutionNode = FALSE
	EndGlobalSection
EndGlobal
